
Microsoft Visual Studio Solution File, Format Version 12.00
# Visual Studio Version 16
VisualStudioVersion = 16.0.29519.87
MinimumVisualStudioVersion = 10.0.40219.1
Project("{8BC9CEB8-8B4A-11D0-8D11-00A0C91BC942}") = "laba 1", "laba 1\laba 1.vcxproj", "{7ADF9A42-6A6C-4CDA-86F4-A6558050E99B}"
EndProject
Global
	GlobalSection(SolutionConfigurationPlatforms) = preSolution
		Debug|x64 = Debug|x64
		Debug|x86 = Debug|x86
		Release|x64 = Release|x64
		Release|x86 = Release|x86
	EndGlobalSection
	GlobalSection(ProjectConfigurationPlatforms) = postSolution
		{7ADF9A42-6A6C-4CDA-86F4-A6558050E99B}.Debug|x64.ActiveCfg = Debug|x64
		{7ADF9A42-6A6C-4CDA-86F4-A6558050E99B}.Debug|x64.Build.0 = Debug|x64
		{7ADF9A42-6A6C-4CDA-86F4-A6558050E99B}.Debug|x86.ActiveCfg = Debug|Win32
		{7ADF9A42-6A6C-4CDA-86F4-A6558050E99B}.Debug|x86.Build.0 = Debug|Win32
		{7ADF9A42-6A6C-4CDA-86F4-A6558050E99B}.Release|x64.ActiveCfg = Release|x64
		{7ADF9A42-6A6C-4CDA-86F4-A6558050E99B}.Release|x64.Build.0 = Release|x64
		{7ADF9A42-6A6C-4CDA-86F4-A6558050E99B}.Release|x86.ActiveCfg = Release|Win32
		{7ADF9A42-6A6C-4CDA-86F4-A6558050E99B}.Release|x86.Build.0 = Release|Win32
	EndGlobalSection
	GlobalSection(SolutionProperties) = preSolution
		HideSolutionNode = FALSE
	EndGlobalSection
	GlobalSection(ExtensibilityGlobals) = postSolution
		SolutionGuid = {03BB9709-668A-4919-882B-D57B3D5EA128}
	EndGlobalSection
EndGlobal
